
Microsoft Visual Studio Solution File, Format Version 11.00
# Visual Studio 2010
Project("{FAE04EC0-301F-11D3-BF4B-00C04F79EFBC}") = "UsecaseScreenShots", "UsecaseScreenShots\UsecaseScreenShots.csproj", "{726C5953-AE35-4560-BD36-9CE3F6741754}"
EndProject
Project("{FAE04EC0-301F-11D3-BF4B-00C04F79EFBC}") = "Server", "Server\Server.csproj", "{6B6A3D83-6523-4F25-8EAD-4DF869515FA8}"
EndProject
Global
	GlobalSection(SolutionConfigurationPlatforms) = preSolution
		Debug|x86 = Debug|x86
		Release|x86 = Release|x86
	EndGlobalSection
	GlobalSection(ProjectConfigurationPlatforms) = postSolution
		{726C5953-AE35-4560-BD36-9CE3F6741754}.Debug|x86.ActiveCfg = Debug|x86
		{726C5953-AE35-4560-BD36-9CE3F6741754}.Debug|x86.Build.0 = Debug|x86
		{726C5953-AE35-4560-BD36-9CE3F6741754}.Release|x86.ActiveCfg = Release|x86
		{726C5953-AE35-4560-BD36-9CE3F6741754}.Release|x86.Build.0 = Release|x86
		{6B6A3D83-6523-4F25-8EAD-4DF869515FA8}.Debug|x86.ActiveCfg = Debug|x86
		{6B6A3D83-6523-4F25-8EAD-4DF869515FA8}.Debug|x86.Build.0 = Debug|x86
		{6B6A3D83-6523-4F25-8EAD-4DF869515FA8}.Release|x86.ActiveCfg = Release|x86
		{6B6A3D83-6523-4F25-8EAD-4DF869515FA8}.Release|x86.Build.0 = Release|x86
	EndGlobalSection
	GlobalSection(SolutionProperties) = preSolution
		HideSolutionNode = FALSE
	EndGlobalSection
EndGlobal
